
Microsoft Visual Studio Solution File, Format Version 12.00
# Visual Studio Version 17
VisualStudioVersion = 17.0.31903.59
MinimumVisualStudioVersion = 10.0.40219.1
Project("{2150E333-8FDC-42A3-9474-1A3956D46DE8}") = "src", "src", "{290F9824-BAD3-4703-B9B7-FE9C4BE3A1CF}"
EndProject
Project("{2150E333-8FDC-42A3-9474-1A3956D46DE8}") = "samples", "samples", "{943853E7-513D-45EA-870F-549CFC0AF8E8}"
EndProject
Project("{2150E333-8FDC-42A3-9474-1A3956D46DE8}") = "gh-flow", "gh-flow", "{E0E93575-7187-4975-8D72-6F285CD01767}"
EndProject
Project("{2150E333-8FDC-42A3-9474-1A3956D46DE8}") = "src", "src", "{50809508-F830-4553-9C4E-C802E0A0F690}"
EndProject
Project("{FAE04EC0-301F-11D3-BF4B-00C04F79EFBC}") = "Microsoft.AI.DevTeam", "samples\gh-flow\src\Microsoft.AI.DevTeam\Microsoft.AI.DevTeam.csproj", "{79981945-61F7-4E1A-8949-7808FD75471B}"
EndProject
Project("{FAE04EC0-301F-11D3-BF4B-00C04F79EFBC}") = "Microsoft.AI.DevTeam.Dapr", "samples\gh-flow\src\Microsoft.AI.DevTeam.Dapr\Microsoft.AI.DevTeam.Dapr.csproj", "{A7677950-18F1-42FF-8018-870395417465}"
EndProject
Project("{2150E333-8FDC-42A3-9474-1A3956D46DE8}") = "marketing", "marketing", "{1FF691E4-E27D-4A7E-861C-4D6291B6EE35}"
EndProject
Project("{2150E333-8FDC-42A3-9474-1A3956D46DE8}") = "src", "src", "{4225F3BA-A39D-4680-945E-F2869E98AEA2}"
EndProject
Project("{FAE04EC0-301F-11D3-BF4B-00C04F79EFBC}") = "Marketing", "samples\marketing\src\backend\Marketing.csproj", "{62F276F3-9184-4908-A7FB-065B4E491BE2}"
EndProject
Project("{FAE04EC0-301F-11D3-BF4B-00C04F79EFBC}") = "seed-memory", "samples\gh-flow\src\seed-memory\seed-memory.csproj", "{EF5DF177-F4F2-49D5-9E1C-2E37869238D8}"
EndProject
Project("{FAE04EC0-301F-11D3-BF4B-00C04F79EFBC}") = "Oagents.Core", "src\Oagents.Core\Oagents.Core.csproj", "{B05CE76A-63ED-4F94-A531-A761BD8D6E52}"
EndProject
Project("{FAE04EC0-301F-11D3-BF4B-00C04F79EFBC}") = "Oagents.Dapr", "src\Oagents.Dapr\Oagents.Dapr.csproj", "{3D2FDE8E-EB13-4686-B662-1DD5FFFC0366}"
EndProject
Project("{FAE04EC0-301F-11D3-BF4B-00C04F79EFBC}") = "Oagents.Orleans", "src\Oagents.Orleans\Oagents.Orleans.csproj", "{8E900786-270D-4010-A279-CEDDB52B7422}"
EndProject
Project("{2150E333-8FDC-42A3-9474-1A3956D46DE8}") = "support-center", "support-center", "{02EA681E-C7D8-13C7-8484-4AC65E1B71E8}"
EndProject
Project("{FAE04EC0-301F-11D3-BF4B-00C04F79EFBC}") = "SupportCenter.AppHost", "samples\support-center\src\SupportCenter.AppHost\SupportCenter.AppHost.csproj", "{6B0F5DA5-A26A-4F5B-ABFA-693277A54C71}"
EndProject
Project("{FAE04EC0-301F-11D3-BF4B-00C04F79EFBC}") = "SupportCenter.ServiceDefaults", "samples\support-center\src\SupportCenter.ServiceDefaults\SupportCenter.ServiceDefaults.csproj", "{754C1162-ABCB-3C9E-10B7-E30E9C8F6C23}"
EndProject
Project("{FAE04EC0-301F-11D3-BF4B-00C04F79EFBC}") = "SupportCenter.ApiService", "samples\support-center\src\SupportCenter.ApiService\SupportCenter.ApiService.csproj", "{40B73D32-CE8E-88CB-A2DF-AC758F22BFDB}"
EndProject
Global
	GlobalSection(SolutionConfigurationPlatforms) = preSolution
		Debug|Any CPU = Debug|Any CPU
		Release|Any CPU = Release|Any CPU
	EndGlobalSection
	GlobalSection(ProjectConfigurationPlatforms) = postSolution
		{79981945-61F7-4E1A-8949-7808FD75471B}.Debug|Any CPU.ActiveCfg = Debug|Any CPU
		{79981945-61F7-4E1A-8949-7808FD75471B}.Debug|Any CPU.Build.0 = Debug|Any CPU
		{79981945-61F7-4E1A-8949-7808FD75471B}.Release|Any CPU.ActiveCfg = Release|Any CPU
		{79981945-61F7-4E1A-8949-7808FD75471B}.Release|Any CPU.Build.0 = Release|Any CPU
		{A7677950-18F1-42FF-8018-870395417465}.Debug|Any CPU.ActiveCfg = Debug|Any CPU
		{A7677950-18F1-42FF-8018-870395417465}.Debug|Any CPU.Build.0 = Debug|Any CPU
		{A7677950-18F1-42FF-8018-870395417465}.Release|Any CPU.ActiveCfg = Release|Any CPU
		{A7677950-18F1-42FF-8018-870395417465}.Release|Any CPU.Build.0 = Release|Any CPU
		{62F276F3-9184-4908-A7FB-065B4E491BE2}.Debug|Any CPU.ActiveCfg = Debug|Any CPU
		{62F276F3-9184-4908-A7FB-065B4E491BE2}.Debug|Any CPU.Build.0 = Debug|Any CPU
		{62F276F3-9184-4908-A7FB-065B4E491BE2}.Release|Any CPU.ActiveCfg = Release|Any CPU
		{62F276F3-9184-4908-A7FB-065B4E491BE2}.Release|Any CPU.Build.0 = Release|Any CPU
		{EF5DF177-F4F2-49D5-9E1C-2E37869238D8}.Debug|Any CPU.ActiveCfg = Debug|Any CPU
		{EF5DF177-F4F2-49D5-9E1C-2E37869238D8}.Debug|Any CPU.Build.0 = Debug|Any CPU
		{EF5DF177-F4F2-49D5-9E1C-2E37869238D8}.Release|Any CPU.ActiveCfg = Release|Any CPU
		{EF5DF177-F4F2-49D5-9E1C-2E37869238D8}.Release|Any CPU.Build.0 = Release|Any CPU
		{B05CE76A-63ED-4F94-A531-A761BD8D6E52}.Debug|Any CPU.ActiveCfg = Debug|Any CPU
		{B05CE76A-63ED-4F94-A531-A761BD8D6E52}.Debug|Any CPU.Build.0 = Debug|Any CPU
		{B05CE76A-63ED-4F94-A531-A761BD8D6E52}.Release|Any CPU.ActiveCfg = Release|Any CPU
		{B05CE76A-63ED-4F94-A531-A761BD8D6E52}.Release|Any CPU.Build.0 = Release|Any CPU
		{3D2FDE8E-EB13-4686-B662-1DD5FFFC0366}.Debug|Any CPU.ActiveCfg = Debug|Any CPU
		{3D2FDE8E-EB13-4686-B662-1DD5FFFC0366}.Debug|Any CPU.Build.0 = Debug|Any CPU
		{3D2FDE8E-EB13-4686-B662-1DD5FFFC0366}.Release|Any CPU.ActiveCfg = Release|Any CPU
		{3D2FDE8E-EB13-4686-B662-1DD5FFFC0366}.Release|Any CPU.Build.0 = Release|Any CPU
		{8E900786-270D-4010-A279-CEDDB52B7422}.Debug|Any CPU.ActiveCfg = Debug|Any CPU
		{8E900786-270D-4010-A279-CEDDB52B7422}.Debug|Any CPU.Build.0 = Debug|Any CPU
		{8E900786-270D-4010-A279-CEDDB52B7422}.Release|Any CPU.ActiveCfg = Release|Any CPU
		{8E900786-270D-4010-A279-CEDDB52B7422}.Release|Any CPU.Build.0 = Release|Any CPU
		{6B0F5DA5-A26A-4F5B-ABFA-693277A54C71}.Debug|Any CPU.ActiveCfg = Debug|Any CPU
		{6B0F5DA5-A26A-4F5B-ABFA-693277A54C71}.Debug|Any CPU.Build.0 = Debug|Any CPU
		{6B0F5DA5-A26A-4F5B-ABFA-693277A54C71}.Release|Any CPU.ActiveCfg = Release|Any CPU
		{6B0F5DA5-A26A-4F5B-ABFA-693277A54C71}.Release|Any CPU.Build.0 = Release|Any CPU
		{754C1162-ABCB-3C9E-10B7-E30E9C8F6C23}.Debug|Any CPU.ActiveCfg = Debug|Any CPU
		{754C1162-ABCB-3C9E-10B7-E30E9C8F6C23}.Debug|Any CPU.Build.0 = Debug|Any CPU
		{754C1162-ABCB-3C9E-10B7-E30E9C8F6C23}.Release|Any CPU.ActiveCfg = Release|Any CPU
		{754C1162-ABCB-3C9E-10B7-E30E9C8F6C23}.Release|Any CPU.Build.0 = Release|Any CPU
		{40B73D32-CE8E-88CB-A2DF-AC758F22BFDB}.Debug|Any CPU.ActiveCfg = Debug|Any CPU
		{40B73D32-CE8E-88CB-A2DF-AC758F22BFDB}.Debug|Any CPU.Build.0 = Debug|Any CPU
		{40B73D32-CE8E-88CB-A2DF-AC758F22BFDB}.Release|Any CPU.ActiveCfg = Release|Any CPU
		{40B73D32-CE8E-88CB-A2DF-AC758F22BFDB}.Release|Any CPU.Build.0 = Release|Any CPU
	EndGlobalSection
	GlobalSection(SolutionProperties) = preSolution
		HideSolutionNode = FALSE
	EndGlobalSection
	GlobalSection(NestedProjects) = preSolution
		{E0E93575-7187-4975-8D72-6F285CD01767} = {943853E7-513D-45EA-870F-549CFC0AF8E8}
		{50809508-F830-4553-9C4E-C802E0A0F690} = {E0E93575-7187-4975-8D72-6F285CD01767}
		{79981945-61F7-4E1A-8949-7808FD75471B} = {50809508-F830-4553-9C4E-C802E0A0F690}
		{A7677950-18F1-42FF-8018-870395417465} = {50809508-F830-4553-9C4E-C802E0A0F690}
		{1FF691E4-E27D-4A7E-861C-4D6291B6EE35} = {943853E7-513D-45EA-870F-549CFC0AF8E8}
		{4225F3BA-A39D-4680-945E-F2869E98AEA2} = {1FF691E4-E27D-4A7E-861C-4D6291B6EE35}
		{62F276F3-9184-4908-A7FB-065B4E491BE2} = {4225F3BA-A39D-4680-945E-F2869E98AEA2}
		{EF5DF177-F4F2-49D5-9E1C-2E37869238D8} = {943853E7-513D-45EA-870F-549CFC0AF8E8}
		{B05CE76A-63ED-4F94-A531-A761BD8D6E52} = {290F9824-BAD3-4703-B9B7-FE9C4BE3A1CF}
		{3D2FDE8E-EB13-4686-B662-1DD5FFFC0366} = {290F9824-BAD3-4703-B9B7-FE9C4BE3A1CF}
		{8E900786-270D-4010-A279-CEDDB52B7422} = {290F9824-BAD3-4703-B9B7-FE9C4BE3A1CF}
		{02EA681E-C7D8-13C7-8484-4AC65E1B71E8} = {943853E7-513D-45EA-870F-549CFC0AF8E8}
		{6B0F5DA5-A26A-4F5B-ABFA-693277A54C71} = {02EA681E-C7D8-13C7-8484-4AC65E1B71E8}
		{754C1162-ABCB-3C9E-10B7-E30E9C8F6C23} = {02EA681E-C7D8-13C7-8484-4AC65E1B71E8}
		{40B73D32-CE8E-88CB-A2DF-AC758F22BFDB} = {02EA681E-C7D8-13C7-8484-4AC65E1B71E8}
	EndGlobalSection
	GlobalSection(ExtensibilityGlobals) = postSolution
		SolutionGuid = {B5B698EF-0ABD-4DB0-9C3B-31E9C739A00B}
	EndGlobalSection
EndGlobal
