
Microsoft Visual Studio Solution File, Format Version 12.00
# Visual Studio Version 17
VisualStudioVersion = 17.5.002.0
MinimumVisualStudioVersion = 10.0.40219.1
Project("{2150E333-8FDC-42A3-9474-1A3956D46DE8}") = "src", "src", "{F63B8F03-942B-4368-B6FD-1AAC33EDE0B0}"
EndProject
Project("{9A19103F-16F7-4668-BE54-9A1E7A4F7556}") = "Microsoft.AI.DevTeam", "src\Microsoft.AI.DevTeam\Microsoft.AI.DevTeam.csproj", "{2DB6AEC6-9F25-4023-9BF8-3857A62951C9}"
EndProject
Global
	GlobalSection(SolutionConfigurationPlatforms) = preSolution
		Debug|Any CPU = Debug|Any CPU
		Release|Any CPU = Release|Any CPU
	EndGlobalSection
	GlobalSection(ProjectConfigurationPlatforms) = postSolution
		{2DB6AEC6-9F25-4023-9BF8-3857A62951C9}.Debug|Any CPU.ActiveCfg = Debug|Any CPU
		{2DB6AEC6-9F25-4023-9BF8-3857A62951C9}.Debug|Any CPU.Build.0 = Debug|Any CPU
		{2DB6AEC6-9F25-4023-9BF8-3857A62951C9}.Release|Any CPU.ActiveCfg = Release|Any CPU
		{2DB6AEC6-9F25-4023-9BF8-3857A62951C9}.Release|Any CPU.Build.0 = Release|Any CPU
	EndGlobalSection
	GlobalSection(SolutionProperties) = preSolution
		HideSolutionNode = FALSE
	EndGlobalSection
	GlobalSection(NestedProjects) = preSolution
		{2DB6AEC6-9F25-4023-9BF8-3857A62951C9} = {F63B8F03-942B-4368-B6FD-1AAC33EDE0B0}
	EndGlobalSection
	GlobalSection(ExtensibilityGlobals) = postSolution
		SolutionGuid = {1C47E3A1-9D62-4456-B298-5FC11B1AAC69}
	EndGlobalSection
EndGlobal
