{
  "name": "ingest",
  "version": "1.0.0",
  "lockfileVersion": 2,
  "requires": true,
  "packages": {
    "": {
      "version": "1.0.0",
      "dependencies": {
        "@azure/functions": "^4.0.0"
      },
      "devDependencies": {}
    },
    "node_modules/@azure/functions": {
      "version": "4.0.1",
      "resolved": "https://registry.npmjs.org/@azure/functions/-/functions-4.0.1.tgz",
      "integrity": "sha512-Ol38b4XOlu6IDkLnO91HaYeo2utMixG0LIA1NR9Qehu17U/cGjNx+bAcOEdNlSJWNYh5ChhzjxA/uFB5dQJtmg==",
      "dependencies": {
        "long": "^4.0.0",
        "undici": "^5.13.0"
      },
      "engines": {
        "node": ">=18.0"
      }
    },
    "node_modules/@fastify/busboy": {
      "version": "2.0.0",
      "resolved": "https://registry.npmjs.org/@fastify/busboy/-/busboy-2.0.0.tgz",
      "integrity": "sha512-JUFJad5lv7jxj926GPgymrWQxxjPYuJNiNjNMzqT+HiuP6Vl3dk5xzG+8sTX96np0ZAluvaMzPsjhHZ5rNuNQQ==",
      "engines": {
        "node": ">=14"
      }
    },
    "node_modules/long": {
      "version": "4.0.0",
      "resolved": "https://registry.npmjs.org/long/-/long-4.0.0.tgz",
      "integrity": "sha512-XsP+KhQif4bjX1kbuSiySJFNAehNxgLb6hPRGJ9QsUr8ajHkuXGdrHmFUTUUXhDwVX2R5bY4JNZEwbUiMhV+MA=="
    },
    "node_modules/undici": {
      "version": "5.27.0",
      "resolved": "https://registry.npmjs.org/undici/-/undici-5.27.0.tgz",
      "integrity": "sha512-l3ydWhlhOJzMVOYkymLykcRRXqbUaQriERtR70B9LzNkZ4bX52Fc8wbTDneMiwo8T+AemZXvXaTx+9o5ROxrXg==",
      "dependencies": {
        "@fastify/busboy": "^2.0.0"
      },
      "engines": {
        "node": ">=14.0"
      }
    }
  },
  "dependencies": {
    "@azure/functions": {
      "version": "4.0.1",
      "resolved": "https://registry.npmjs.org/@azure/functions/-/functions-4.0.1.tgz",
      "integrity": "sha512-Ol38b4XOlu6IDkLnO91HaYeo2utMixG0LIA1NR9Qehu17U/cGjNx+bAcOEdNlSJWNYh5ChhzjxA/uFB5dQJtmg==",
      "requires": {
        "long": "^4.0.0",
        "undici": "^5.13.0"
      }
    },
    "@fastify/busboy": {
      "version": "2.0.0",
      "resolved": "https://registry.npmjs.org/@fastify/busboy/-/busboy-2.0.0.tgz",
      "integrity": "sha512-JUFJad5lv7jxj926GPgymrWQxxjPYuJNiNjNMzqT+HiuP6Vl3dk5xzG+8sTX96np0ZAluvaMzPsjhHZ5rNuNQQ=="
    },
    "long": {
      "version": "4.0.0",
      "resolved": "https://registry.npmjs.org/long/-/long-4.0.0.tgz",
      "integrity": "sha512-XsP+KhQif4bjX1kbuSiySJFNAehNxgLb6hPRGJ9QsUr8ajHkuXGdrHmFUTUUXhDwVX2R5bY4JNZEwbUiMhV+MA=="
    },
    "undici": {
      "version": "5.27.0",
      "resolved": "https://registry.npmjs.org/undici/-/undici-5.27.0.tgz",
      "integrity": "sha512-l3ydWhlhOJzMVOYkymLykcRRXqbUaQriERtR70B9LzNkZ4bX52Fc8wbTDneMiwo8T+AemZXvXaTx+9o5ROxrXg==",
      "requires": {
        "@fastify/busboy": "^2.0.0"
      }
    }
  }
}
